
Microsoft Visual Studio Solution File, Format Version 10.00
# Visual Studio 2008
Project("{FAE04EC0-301F-11D3-BF4B-00C04F79EFBC}") = "mugenelib", "mugenelib.csproj", "{8D80C66C-C7E4-472F-AF36-C73558A3C1A2}"
EndProject
Project("{FAE04EC0-301F-11D3-BF4B-00C04F79EFBC}") = "mugene", "mugene\mugene.csproj", "{5A356A35-9B47-425F-98B9-BCE51F427F76}"
EndProject
Global
	GlobalSection(SolutionConfigurationPlatforms) = preSolution
		Debug|Any CPU = Debug|Any CPU
		Release|Any CPU = Release|Any CPU
	EndGlobalSection
	GlobalSection(ProjectConfigurationPlatforms) = postSolution
		{5A356A35-9B47-425F-98B9-BCE51F427F76}.Debug|Any CPU.ActiveCfg = Debug|Any CPU
		{5A356A35-9B47-425F-98B9-BCE51F427F76}.Debug|Any CPU.Build.0 = Debug|Any CPU
		{5A356A35-9B47-425F-98B9-BCE51F427F76}.Release|Any CPU.ActiveCfg = Release|Any CPU
		{5A356A35-9B47-425F-98B9-BCE51F427F76}.Release|Any CPU.Build.0 = Release|Any CPU
		{8D80C66C-C7E4-472F-AF36-C73558A3C1A2}.Debug|Any CPU.ActiveCfg = Debug|Any CPU
		{8D80C66C-C7E4-472F-AF36-C73558A3C1A2}.Debug|Any CPU.Build.0 = Debug|Any CPU
		{8D80C66C-C7E4-472F-AF36-C73558A3C1A2}.Release|Any CPU.ActiveCfg = Release|Any CPU
		{8D80C66C-C7E4-472F-AF36-C73558A3C1A2}.Release|Any CPU.Build.0 = Release|Any CPU
	EndGlobalSection
	GlobalSection(MonoDevelopProperties) = preSolution
		StartupItem = mugene\mugene.csproj
		Policies = $0
		$0.DotNetNamingPolicy = $1
		$1.DirectoryNamespaceAssociation = None
		$1.ResourceNamePolicy = FileFormatDefault
		$0.VersionControlPolicy = $2
		$2.inheritsSet = Mono
		$0.ChangeLogPolicy = $3
		$3.UpdateMode = None
		$3.MessageStyle = $4
		$4.LineAlign = 0
		$3.inheritsSet = Mono
		version = 0.4
		outputpath = bin
	EndGlobalSection
EndGlobal
