
Microsoft Visual Studio Solution File, Format Version 11.00
# Visual Studio 2010
Project("{FAE04EC0-301F-11D3-BF4B-00C04F79EFBC}") = "mugenelib", "mugenelib\mugenelib.csproj", "{8D80C66C-C7E4-472F-AF36-C73558A3C1A2}"
EndProject
Project("{FAE04EC0-301F-11D3-BF4B-00C04F79EFBC}") = "mugene-decompiler", "mugene-decompiler\mugene-decompiler.csproj", "{782350E4-8F50-456B-A5C6-2A9565751B3E}"
EndProject
Project("{FAE04EC0-301F-11D3-BF4B-00C04F79EFBC}") = "mugene.tests", "mugene.tests\mugene.tests.csproj", "{D24AF2F9-86D0-42CA-8B88-9CB5271FCBCA}"
EndProject
Project("{FAE04EC0-301F-11D3-BF4B-00C04F79EFBC}") = "mugene", "mugene\mugene.csproj", "{EAF1E8B5-F886-4865-9E66-081E4DA38C4E}"
EndProject
Project("{FAE04EC0-301F-11D3-BF4B-00C04F79EFBC}") = "mugene.languageserver", "mugene.languageserver\mugene.languageserver.csproj", "{A8C9FF2D-927B-4ACF-8407-3595DA234E96}"
EndProject
Global
	GlobalSection(SolutionConfigurationPlatforms) = preSolution
		Debug|Any CPU = Debug|Any CPU
		Release|Any CPU = Release|Any CPU
	EndGlobalSection
	GlobalSection(ProjectConfigurationPlatforms) = postSolution
		{8D80C66C-C7E4-472F-AF36-C73558A3C1A2}.Debug|Any CPU.ActiveCfg = Debug|Any CPU
		{8D80C66C-C7E4-472F-AF36-C73558A3C1A2}.Debug|Any CPU.Build.0 = Debug|Any CPU
		{8D80C66C-C7E4-472F-AF36-C73558A3C1A2}.Release|Any CPU.ActiveCfg = Release|Any CPU
		{8D80C66C-C7E4-472F-AF36-C73558A3C1A2}.Release|Any CPU.Build.0 = Release|Any CPU
		{782350E4-8F50-456B-A5C6-2A9565751B3E}.Debug|Any CPU.ActiveCfg = Debug|Any CPU
		{782350E4-8F50-456B-A5C6-2A9565751B3E}.Debug|Any CPU.Build.0 = Debug|Any CPU
		{782350E4-8F50-456B-A5C6-2A9565751B3E}.Release|Any CPU.ActiveCfg = Release|Any CPU
		{782350E4-8F50-456B-A5C6-2A9565751B3E}.Release|Any CPU.Build.0 = Release|Any CPU
		{D24AF2F9-86D0-42CA-8B88-9CB5271FCBCA}.Debug|Any CPU.ActiveCfg = Debug|Any CPU
		{D24AF2F9-86D0-42CA-8B88-9CB5271FCBCA}.Debug|Any CPU.Build.0 = Debug|Any CPU
		{D24AF2F9-86D0-42CA-8B88-9CB5271FCBCA}.Release|Any CPU.ActiveCfg = Release|Any CPU
		{D24AF2F9-86D0-42CA-8B88-9CB5271FCBCA}.Release|Any CPU.Build.0 = Release|Any CPU
		{EAF1E8B5-F886-4865-9E66-081E4DA38C4E}.Debug|Any CPU.ActiveCfg = Debug|Any CPU
		{EAF1E8B5-F886-4865-9E66-081E4DA38C4E}.Debug|Any CPU.Build.0 = Debug|Any CPU
		{EAF1E8B5-F886-4865-9E66-081E4DA38C4E}.Release|Any CPU.ActiveCfg = Release|Any CPU
		{EAF1E8B5-F886-4865-9E66-081E4DA38C4E}.Release|Any CPU.Build.0 = Release|Any CPU
		{A8C9FF2D-927B-4ACF-8407-3595DA234E96}.Debug|Any CPU.ActiveCfg = Debug|Any CPU
		{A8C9FF2D-927B-4ACF-8407-3595DA234E96}.Debug|Any CPU.Build.0 = Debug|Any CPU
		{A8C9FF2D-927B-4ACF-8407-3595DA234E96}.Release|Any CPU.ActiveCfg = Release|Any CPU
		{A8C9FF2D-927B-4ACF-8407-3595DA234E96}.Release|Any CPU.Build.0 = Release|Any CPU
	EndGlobalSection
	GlobalSection(MonoDevelopProperties) = preSolution
		StartupItem = mugene\mugene.csproj
		Policies = $0
		$0.DotNetNamingPolicy = $1
		$0.VersionControlPolicy = $2
		$0.ChangeLogPolicy = $3
		$3.UpdateMode = None
		$3.MessageStyle = $4
		$4.LineAlign = 0
		$3.inheritsSet = Mono
		$0.TextStylePolicy = $5
		$5.FileWidth = 80
		$5.TabWidth = 8
		$5.IndentWidth = 8
		$5.scope = text/x-csharp
		$0.CSharpFormattingPolicy = $6
		$6.IndentSwitchSection = False
		$6.NewLinesForBracesInTypes = False
		$6.NewLinesForBracesInProperties = False
		$6.NewLinesForBracesInAccessors = False
		$6.NewLinesForBracesInAnonymousMethods = False
		$6.NewLinesForBracesInControlBlocks = False
		$6.NewLinesForBracesInAnonymousTypes = False
		$6.NewLinesForBracesInObjectCollectionArrayInitializers = False
		$6.NewLinesForBracesInLambdaExpressionBody = False
		$6.NewLineForElse = False
		$6.NewLineForCatch = False
		$6.NewLineForFinally = False
		$6.NewLineForMembersInObjectInit = False
		$6.NewLineForMembersInAnonymousTypes = False
		$6.NewLineForClausesInQuery = False
		$6.SpacingAfterMethodDeclarationName = True
		$6.SpaceAfterMethodCallName = True
		$6.SpaceBeforeOpenSquareBracket = True
		$6.scope = text/x-csharp
		version = 0.7
		outputpath = bin
	EndGlobalSection
EndGlobal
